
Microsoft Visual Studio Solution File, Format Version 12.00
# Visual Studio Express 14 for Web
VisualStudioVersion = 14.0.25420.1
MinimumVisualStudioVersion = 10.0.40219.1
Project("{FAE04EC0-301F-11D3-BF4B-00C04F79EFBC}") = "ListaToDo", "ListaToDo\ListaToDo.csproj", "{DA21A1CC-28E4-4CB4-AB08-161522E6E736}"
EndProject
Project("{FAE04EC0-301F-11D3-BF4B-00C04F79EFBC}") = "ListaToDo.Tests", "ListaToDo.Tests\ListaToDo.Tests.csproj", "{32BB86FB-6AA6-492C-8454-36FEBDF47449}"
EndProject
Project("{FAE04EC0-301F-11D3-BF4B-00C04F79EFBC}") = "Repozytorium", "Repozytorium\Repozytorium.csproj", "{38394AEF-6D06-4DE3-B87A-C83B68DE3F35}"
EndProject
Project("{FAE04EC0-301F-11D3-BF4B-00C04F79EFBC}") = "MyTodo_Service", "MyTodo_Service\MyTodo_Service.csproj", "{3A506FAA-E0EF-4BB9-8732-599932443561}"
EndProject
Project("{2150E333-8FDC-42A3-9474-1A3956D46DE8}") = "Service", "Service", "{FF682772-AF1D-41E4-912A-0813374A4138}"
EndProject
Project("{FAE04EC0-301F-11D3-BF4B-00C04F79EFBC}") = "MyTodo_Client", "MyTodo_Client\MyTodo_Client.csproj", "{F48D1D8A-CD73-454F-9E19-693BD1A4E894}"
	ProjectSection(ProjectDependencies) = postProject
		{3A506FAA-E0EF-4BB9-8732-599932443561} = {3A506FAA-E0EF-4BB9-8732-599932443561}
	EndProjectSection
EndProject
Global
	GlobalSection(SolutionConfigurationPlatforms) = preSolution
		Debug|Any CPU = Debug|Any CPU
		Release|Any CPU = Release|Any CPU
	EndGlobalSection
	GlobalSection(ProjectConfigurationPlatforms) = postSolution
		{DA21A1CC-28E4-4CB4-AB08-161522E6E736}.Debug|Any CPU.ActiveCfg = Debug|Any CPU
		{DA21A1CC-28E4-4CB4-AB08-161522E6E736}.Debug|Any CPU.Build.0 = Debug|Any CPU
		{DA21A1CC-28E4-4CB4-AB08-161522E6E736}.Release|Any CPU.ActiveCfg = Release|Any CPU
		{DA21A1CC-28E4-4CB4-AB08-161522E6E736}.Release|Any CPU.Build.0 = Release|Any CPU
		{32BB86FB-6AA6-492C-8454-36FEBDF47449}.Debug|Any CPU.ActiveCfg = Debug|Any CPU
		{32BB86FB-6AA6-492C-8454-36FEBDF47449}.Debug|Any CPU.Build.0 = Debug|Any CPU
		{32BB86FB-6AA6-492C-8454-36FEBDF47449}.Release|Any CPU.ActiveCfg = Release|Any CPU
		{32BB86FB-6AA6-492C-8454-36FEBDF47449}.Release|Any CPU.Build.0 = Release|Any CPU
		{38394AEF-6D06-4DE3-B87A-C83B68DE3F35}.Debug|Any CPU.ActiveCfg = Debug|Any CPU
		{38394AEF-6D06-4DE3-B87A-C83B68DE3F35}.Debug|Any CPU.Build.0 = Debug|Any CPU
		{38394AEF-6D06-4DE3-B87A-C83B68DE3F35}.Release|Any CPU.ActiveCfg = Release|Any CPU
		{38394AEF-6D06-4DE3-B87A-C83B68DE3F35}.Release|Any CPU.Build.0 = Release|Any CPU
		{3A506FAA-E0EF-4BB9-8732-599932443561}.Debug|Any CPU.ActiveCfg = Debug|Any CPU
		{3A506FAA-E0EF-4BB9-8732-599932443561}.Debug|Any CPU.Build.0 = Debug|Any CPU
		{3A506FAA-E0EF-4BB9-8732-599932443561}.Release|Any CPU.ActiveCfg = Release|Any CPU
		{3A506FAA-E0EF-4BB9-8732-599932443561}.Release|Any CPU.Build.0 = Release|Any CPU
		{F48D1D8A-CD73-454F-9E19-693BD1A4E894}.Debug|Any CPU.ActiveCfg = Debug|Any CPU
		{F48D1D8A-CD73-454F-9E19-693BD1A4E894}.Debug|Any CPU.Build.0 = Debug|Any CPU
		{F48D1D8A-CD73-454F-9E19-693BD1A4E894}.Release|Any CPU.ActiveCfg = Release|Any CPU
		{F48D1D8A-CD73-454F-9E19-693BD1A4E894}.Release|Any CPU.Build.0 = Release|Any CPU
	EndGlobalSection
	GlobalSection(SolutionProperties) = preSolution
		HideSolutionNode = FALSE
	EndGlobalSection
	GlobalSection(NestedProjects) = preSolution
		{3A506FAA-E0EF-4BB9-8732-599932443561} = {FF682772-AF1D-41E4-912A-0813374A4138}
		{F48D1D8A-CD73-454F-9E19-693BD1A4E894} = {FF682772-AF1D-41E4-912A-0813374A4138}
	EndGlobalSection
EndGlobal
